
Microsoft Visual Studio Solution File, Format Version 12.00
# Visual Studio Version 16
VisualStudioVersion = 16.0.31702.278
MinimumVisualStudioVersion = 10.0.40219.1
Project("{9A19103F-16F7-4668-BE54-9A1E7A4F7556}") = "TxtToPdf", "TxtToPdf\TxtToPdf.csproj", "{89FC889D-0AEF-4FC0-A0DB-E799AFD93BC5}"
EndProject
Global
	GlobalSection(SolutionConfigurationPlatforms) = preSolution
		Debug|Any CPU = Debug|Any CPU
		Release|Any CPU = Release|Any CPU
	EndGlobalSection
	GlobalSection(ProjectConfigurationPlatforms) = postSolution
		{89FC889D-0AEF-4FC0-A0DB-E799AFD93BC5}.Debug|Any CPU.ActiveCfg = Debug|Any CPU
		{89FC889D-0AEF-4FC0-A0DB-E799AFD93BC5}.Debug|Any CPU.Build.0 = Debug|Any CPU
		{89FC889D-0AEF-4FC0-A0DB-E799AFD93BC5}.Release|Any CPU.ActiveCfg = Release|Any CPU
		{89FC889D-0AEF-4FC0-A0DB-E799AFD93BC5}.Release|Any CPU.Build.0 = Release|Any CPU
	EndGlobalSection
	GlobalSection(SolutionProperties) = preSolution
		HideSolutionNode = FALSE
	EndGlobalSection
	GlobalSection(ExtensibilityGlobals) = postSolution
		SolutionGuid = {ABD07EB6-EC09-414E-B09C-9311F43F2852}
	EndGlobalSection
EndGlobal
