
Microsoft Visual Studio Solution File, Format Version 12.00
# Visual Studio Version 17
VisualStudioVersion = 17.0.31919.166
MinimumVisualStudioVersion = 10.0.40219.1
Project("{FAE04EC0-301F-11D3-BF4B-00C04F79EFBC}") = "EsquerdaVolver", "EsquerdaVolver\EsquerdaVolver.csproj", "{811ED10B-5F23-43CF-890F-5DE573AD97DA}"
EndProject
Global
	GlobalSection(SolutionConfigurationPlatforms) = preSolution
		Debug|Any CPU = Debug|Any CPU
		Release|Any CPU = Release|Any CPU
	EndGlobalSection
	GlobalSection(ProjectConfigurationPlatforms) = postSolution
		{811ED10B-5F23-43CF-890F-5DE573AD97DA}.Debug|Any CPU.ActiveCfg = Debug|Any CPU
		{811ED10B-5F23-43CF-890F-5DE573AD97DA}.Debug|Any CPU.Build.0 = Debug|Any CPU
		{811ED10B-5F23-43CF-890F-5DE573AD97DA}.Release|Any CPU.ActiveCfg = Release|Any CPU
		{811ED10B-5F23-43CF-890F-5DE573AD97DA}.Release|Any CPU.Build.0 = Release|Any CPU
	EndGlobalSection
	GlobalSection(SolutionProperties) = preSolution
		HideSolutionNode = FALSE
	EndGlobalSection
	GlobalSection(ExtensibilityGlobals) = postSolution
		SolutionGuid = {D0474461-A8AD-4DBB-9FB0-AA07661A243B}
	EndGlobalSection
EndGlobal
