
Microsoft Visual Studio Solution File, Format Version 12.00
# Visual Studio Version 16
VisualStudioVersion = 16.0.31129.286
MinimumVisualStudioVersion = 10.0.40219.1
Project("{FAE04EC0-301F-11D3-BF4B-00C04F79EFBC}") = "Controle-de-Equipamentos", "Controle-de-Equipamentos\Controle-de-Equipamentos.csproj", "{D79904AC-36C0-4417-AAEF-9D4D144F0444}"
EndProject
Global
	GlobalSection(SolutionConfigurationPlatforms) = preSolution
		Debug|Any CPU = Debug|Any CPU
		Release|Any CPU = Release|Any CPU
	EndGlobalSection
	GlobalSection(ProjectConfigurationPlatforms) = postSolution
		{D79904AC-36C0-4417-AAEF-9D4D144F0444}.Debug|Any CPU.ActiveCfg = Debug|Any CPU
		{D79904AC-36C0-4417-AAEF-9D4D144F0444}.Debug|Any CPU.Build.0 = Debug|Any CPU
		{D79904AC-36C0-4417-AAEF-9D4D144F0444}.Release|Any CPU.ActiveCfg = Release|Any CPU
		{D79904AC-36C0-4417-AAEF-9D4D144F0444}.Release|Any CPU.Build.0 = Release|Any CPU
	EndGlobalSection
	GlobalSection(SolutionProperties) = preSolution
		HideSolutionNode = FALSE
	EndGlobalSection
	GlobalSection(ExtensibilityGlobals) = postSolution
		SolutionGuid = {61ECC440-B616-4C60-859F-CA4B6C7082F3}
	EndGlobalSection
EndGlobal
