
Microsoft Visual Studio Solution File, Format Version 12.00
# Visual Studio Version 16
VisualStudioVersion = 16.0.31321.278
MinimumVisualStudioVersion = 10.0.40219.1
Project("{FAE04EC0-301F-11D3-BF4B-00C04F79EFBC}") = "Diamante", "Diamante\Diamante.csproj", "{CF5D541B-BC9A-480E-9A36-CD05D360D764}"
EndProject
Project("{FAE04EC0-301F-11D3-BF4B-00C04F79EFBC}") = "TestesDiamante", "TestesDiamante\TestesDiamante.csproj", "{7A43BA6F-BCC0-49A9-967F-F09DED7678D9}"
EndProject
Global
	GlobalSection(SolutionConfigurationPlatforms) = preSolution
		Debug|Any CPU = Debug|Any CPU
		Release|Any CPU = Release|Any CPU
	EndGlobalSection
	GlobalSection(ProjectConfigurationPlatforms) = postSolution
		{CF5D541B-BC9A-480E-9A36-CD05D360D764}.Debug|Any CPU.ActiveCfg = Debug|Any CPU
		{CF5D541B-BC9A-480E-9A36-CD05D360D764}.Debug|Any CPU.Build.0 = Debug|Any CPU
		{CF5D541B-BC9A-480E-9A36-CD05D360D764}.Release|Any CPU.ActiveCfg = Release|Any CPU
		{CF5D541B-BC9A-480E-9A36-CD05D360D764}.Release|Any CPU.Build.0 = Release|Any CPU
		{7A43BA6F-BCC0-49A9-967F-F09DED7678D9}.Debug|Any CPU.ActiveCfg = Debug|Any CPU
		{7A43BA6F-BCC0-49A9-967F-F09DED7678D9}.Debug|Any CPU.Build.0 = Debug|Any CPU
		{7A43BA6F-BCC0-49A9-967F-F09DED7678D9}.Release|Any CPU.ActiveCfg = Release|Any CPU
		{7A43BA6F-BCC0-49A9-967F-F09DED7678D9}.Release|Any CPU.Build.0 = Release|Any CPU
	EndGlobalSection
	GlobalSection(SolutionProperties) = preSolution
		HideSolutionNode = FALSE
	EndGlobalSection
	GlobalSection(ExtensibilityGlobals) = postSolution
		SolutionGuid = {2EFE0B98-8D15-4525-AB08-70A376DF74E9}
	EndGlobalSection
EndGlobal
